// !$*UTF8*$!
{
	archiveVersion = 1;
	classes = {
	};
	objectVersion = 50;
	objects = {

/* Begin PBXBuildFile section */
		5541C1BD2296F018008EFA93 /* AppDelegate.swift in Sources */ = {isa = PBXBuildFile; fileRef = 5541C1BC2296F018008EFA93 /* AppDelegate.swift */; };
		5541C1BF2296F018008EFA93 /* ViewController.swift in Sources */ = {isa = PBXBuildFile; fileRef = 5541C1BE2296F018008EFA93 /* ViewController.swift */; };
		5541C1C22296F018008EFA93 /* Main.storyboard in Resources */ = {isa = PBXBuildFile; fileRef = 5541C1C02296F018008EFA93 /* Main.storyboard */; };
		5541C1C42296F019008EFA93 /* Assets.xcassets in Resources */ = {isa = PBXBuildFile; fileRef = 5541C1C32296F019008EFA93 /* Assets.xcassets */; };
		5541C1C72296F019008EFA93 /* LaunchScreen.storyboard in Resources */ = {isa = PBXBuildFile; fileRef = 5541C1C52296F019008EFA93 /* LaunchScreen.storyboard */; };
		5541C1CF2296F060008EFA93 /* NewViewController.swift in Sources */ = {isa = PBXBuildFile; fileRef = 5541C1CE2296F060008EFA93 /* NewViewController.swift */; };
		5541C1D12296F37C008EFA93 /* PresentAnimator.swift in Sources */ = {isa = PBXBuildFile; fileRef = 5541C1D02296F37C008EFA93 /* PresentAnimator.swift */; };
/* End PBXBuildFile section */

/* Begin PBXFileReference section */
		5541C1B92296F018008EFA93 /* CustomRoundTransition.app */ = {isa = PBXFileReference; explicitFileType = wrapper.application; includeInIndex = 0; path = CustomRoundTransition.app; sourceTree = BUILT_PRODUCTS_DIR; };
		5541C1BC2296F018008EFA93 /* AppDelegate.swift */ = {isa = PBXFileReference; lastKnownFileType = sourcecode.swift; path = AppDelegate.swift; sourceTree = "<group>"; };
		5541C1BE2296F018008EFA93 /* ViewController.swift */ = {isa = PBXFileReference; lastKnownFileType = sourcecode.swift; path = ViewController.swift; sourceTree = "<group>"; };
		5541C1C12296F018008EFA93 /* Base */ = {isa = PBXFileReference; lastKnownFileType = file.storyboard; name = Base; path = Base.lproj/Main.storyboard; sourceTree = "<group>"; };
		5541C1C32296F019008EFA93 /* Assets.xcassets */ = {isa = PBXFileReference; lastKnownFileType = folder.assetcatalog; path = Assets.xcassets; sourceTree = "<group>"; };
		5541C1C62296F019008EFA93 /* Base */ = {isa = PBXFileReference; lastKnownFileType = file.storyboard; name = Base; path = Base.lproj/LaunchScreen.storyboard; sourceTree = "<group>"; };
		5541C1C82296F019008EFA93 /* Info.plist */ = {isa = PBXFileReference; lastKnownFileType = text.plist.xml; path = Info.plist; sourceTree = "<group>"; };
		5541C1CE2296F060008EFA93 /* NewViewController.swift */ = {isa = PBXFileReference; lastKnownFileType = sourcecode.swift; path = NewViewController.swift; sourceTree = "<group>"; };
		5541C1D02296F37C008EFA93 /* PresentAnimator.swift */ = {isa = PBXFileReference; lastKnownFileType = sourcecode.swift; path = PresentAnimator.swift; sourceTree = "<group>"; };
/* End PBXFileReference section */

/* Begin PBXFrameworksBuildPhase section */
		5541C1B62296F018008EFA93 /* Frameworks */ = {
			isa = PBXFrameworksBuildPhase;
			buildActionMask = 2147483647;
			files = (
			);
			runOnlyForDeploymentPostprocessing = 0;
		};
/* End PBXFrameworksBuildPhase section */

/* Begin PBXGroup section */
		5541C1B02296F018008EFA93 = {
			isa = PBXGroup;
			children = (
				5541C1BB2296F018008EFA93 /* CustomRoundTransition */,
				5541C1BA2296F018008EFA93 /* Products */,
			);
			sourceTree = "<group>";
		};
		5541C1BA2296F018008EFA93 /* Products */ = {
			isa = PBXGroup;
			children = (
				5541C1B92296F018008EFA93 /* CustomRoundTransition.app */,
			);
			name = Products;
			sourceTree = "<group>";
		};
		5541C1BB2296F018008EFA93 /* CustomRoundTransition */ = {
			isa = PBXGroup;
			children = (
				5541C1BC2296F018008EFA93 /* AppDelegate.swift */,
				5541C1BE2296F018008EFA93 /* ViewController.swift */,
				5541C1CE2296F060008EFA93 /* NewViewController.swift */,
				5541C1D02296F37C008EFA93 /* PresentAnimator.swift */,
				5541C1C02296F018008EFA93 /* Main.storyboard */,
				5541C1C32296F019008EFA93 /* Assets.xcassets */,
				5541C1C52296F019008EFA93 /* LaunchScreen.storyboard */,
				5541C1C82296F019008EFA93 /* Info.plist */,
			);
			path = CustomRoundTransition;
			sourceTree = "<group>";
		};
/* End PBXGroup section */

/* Begin PBXNativeTarget section */
		5541C1B82296F018008EFA93 /* CustomRoundTransition */ = {
			isa = PBXNativeTarget;
			buildConfigurationList = 5541C1CB2296F019008EFA93 /* Build configuration list for PBXNativeTarget "CustomRoundTransition" */;
			buildPhases = (
				5541C1B52296F018008EFA93 /* Sources */,
				5541C1B62296F018008EFA93 /* Frameworks */,
				5541C1B72296F018008EFA93 /* Resources */,
			);
			buildRules = (
			);
			dependencies = (
			);
			name = CustomRoundTransition;
			productName = CustomRoundTransition;
			productReference = 5541C1B92296F018008EFA93 /* CustomRoundTransition.app */;
			productType = "com.apple.product-type.application";
		};
/* End PBXNativeTarget section */

/* Begin PBXProject section */
		5541C1B12296F018008EFA93 /* Project object */ = {
			isa = PBXProject;
			attributes = {
				LastSwiftUpdateCheck = 1020;
				LastUpgradeCheck = 1020;
				ORGANIZATIONNAME = "Stephen Bassett";
				TargetAttributes = {
					5541C1B82296F018008EFA93 = {
						CreatedOnToolsVersion = 10.2.1;
					};
				};
			};
			buildConfigurationList = 5541C1B42296F018008EFA93 /* Build configuration list for PBXProject "CustomRoundTransition" */;
			compatibilityVersion = "Xcode 9.3";
			developmentRegion = en;
			hasScannedForEncodings = 0;
			knownRegions = (
				en,
				Base,
			);
			mainGroup = 5541C1B02296F018008EFA93;
			productRefGroup = 5541C1BA2296F018008EFA93 /* Products */;
			projectDirPath = "";
			projectRoot = "";
			targets = (
				5541C1B82296F018008EFA93 /* CustomRoundTransition */,
			);
		};
/* End PBXProject section */

/* Begin PBXResourcesBuildPhase section */
		5541C1B72296F018008EFA93 /* Resources */ = {
			isa = PBXResourcesBuildPhase;
			buildActionMask = 2147483647;
			files = (
				5541C1C72296F019008EFA93 /* LaunchScreen.storyboard in Resources */,
				5541C1C42296F019008EFA93 /* Assets.xcassets in Resources */,
				5541C1C22296F018008EFA93 /* Main.storyboard in Resources */,
			);
			runOnlyForDeploymentPostprocessing = 0;
		};
/* End PBXResourcesBuildPhase section */

/* Begin PBXSourcesBuildPhase section */
		5541C1B52296F018008EFA93 /* Sources */ = {
			isa = PBXSourcesBuildPhase;
			buildActionMask = 2147483647;
			files = (
				5541C1D12296F37C008EFA93 /* PresentAnimator.swift in Sources */,
				5541C1CF2296F060008EFA93 /* NewViewController.swift in Sources */,
				5541C1BF2296F018008EFA93 /* ViewController.swift in Sources */,
				5541C1BD2296F018008EFA93 /* AppDelegate.swift in Sources */,
			);
			runOnlyForDeploymentPostprocessing = 0;
		};
/* End PBXSourcesBuildPhase section */

/* Begin PBXVariantGroup section */
		5541C1C02296F018008EFA93 /* Main.storyboard */ = {
			isa = PBXVariantGroup;
			children = (
				5541C1C12296F018008EFA93 /* Base */,
			);
			name = Main.storyboard;
			sourceTree = "<group>";
		};
		5541C1C52296F019008EFA93 /* LaunchScreen.storyboard */ = {
			isa = PBXVariantGroup;
			children = (
				5541C1C62296F019008EFA93 /* Base */,
			);
			name = LaunchScreen.storyboard;
			sourceTree = "<group>";
		};
/* End PBXVariantGroup section */

/* Begin XCBuildConfiguration section */
		5541C1C92296F019008EFA93 /* Debug */ = {
			isa = XCBuildConfiguration;
			buildSettings = {
				ALWAYS_SEARCH_USER_PATHS = NO;
				CLANG_ANALYZER_NONNULL = YES;
				CLANG_ANALYZER_NUMBER_OBJECT_CONVERSION = YES_AGGRESSIVE;
				CLANG_CXX_LANGUAGE_STANDARD = "gnu++14";
				CLANG_CXX_LIBRARY = "libc++";
				CLANG_ENABLE_MODULES = YES;
				CLANG_ENABLE_OBJC_ARC = YES;
				CLANG_ENABLE_OBJC_WEAK = YES;
				CLANG_WARN_BLOCK_CAPTURE_AUTORELEASING = YES;
				CLANG_WARN_BOOL_CONVERSION = YES;
				CLANG_WARN_COMMA = YES;
				CLANG_WARN_CONSTANT_CONVERSION = YES;
				CLANG_WARN_DEPRECATED_OBJC_IMPLEMENTATIONS = YES;
				CLANG_WARN_DIRECT_OBJC_ISA_USAGE = YES_ERROR;
				CLANG_WARN_DOCUMENTATION_COMMENTS = YES;
				CLANG_WARN_EMPTY_BODY = YES;
				CLANG_WARN_ENUM_CONVERSION = YES;
				CLANG_WARN_INFINITE_RECURSION = YES;
				CLANG_WARN_INT_CONVERSION = YES;
				CLANG_WARN_NON_LITERAL_NULL_CONVERSION = YES;
				CLANG_WARN_OBJC_IMPLICIT_RETAIN_SELF = YES;
				CLANG_WARN_OBJC_LITERAL_CONVERSION = YES;
				CLANG_WARN_OBJC_ROOT_CLASS = YES_ERROR;
				CLANG_WARN_RANGE_LOOP_ANALYSIS = YES;
				CLANG_WARN_STRICT_PROTOTYPES = YES;
				CLANG_WARN_SUSPICIOUS_MOVE = YES;
				CLANG_WARN_UNGUARDED_AVAILABILITY = YES_AGGRESSIVE;
				CLANG_WARN_UNREACHABLE_CODE = YES;
				CLANG_WARN__DUPLICATE_METHOD_MATCH = YES;
				CODE_SIGN_IDENTITY = "iPhone Developer";
				COPY_PHASE_STRIP = NO;
				DEBUG_INFORMATION_FORMAT = dwarf;
				ENABLE_STRICT_OBJC_MSGSEND = YES;
				ENABLE_TESTABILITY = YES;
				GCC_C_LANGUAGE_STANDARD = gnu11;
				GCC_DYNAMIC_NO_PIC = NO;
				GCC_NO_COMMON_BLOCKS = YES;
				GCC_OPTIMIZATION_LEVEL = 0;
				GCC_PREPROCESSOR_DEFINITIONS = (
					"DEBUG=1",
					"$(inherited)",
				);
				GCC_WARN_64_TO_32_BIT_CONVERSION = YES;
				GCC_WARN_ABOUT_RETURN_TYPE = YES_ERROR;
				GCC_WARN_UNDECLARED_SELECTOR = YES;
				GCC_WARN_UNINITIALIZED_AUTOS = YES_AGGRESSIVE;
				GCC_WARN_UNUSED_FUNCTION = YES;
				GCC_WARN_UNUSED_VARIABLE = YES;
				IPHONEOS_DEPLOYMENT_TARGET = 12.2;
				MTL_ENABLE_DEBUG_INFO = INCLUDE_SOURCE;
				MTL_FAST_MATH = YES;
				ONLY_ACTIVE_ARCH = YES;
				SDKROOT = iphoneos;
				SWIFT_ACTIVE_COMPILATION_CONDITIONS = DEBUG;
				SWIFT_OPTIMIZATION_LEVEL = "-Onone";
			};
			name = Debug;
		};
		5541C1CA2296F019008EFA93 /* Release */ = {
			isa = XCBuildConfiguration;
			buildSettings = {
				ALWAYS_SEARCH_USER_PATHS = NO;
				CLANG_ANALYZER_NONNULL = YES;
				CLANG_ANALYZER_NUMBER_OBJECT_CONVERSION = YES_AGGRESSIVE;
				CLANG_CXX_LANGUAGE_STANDARD = "gnu++14";
				CLANG_CXX_LIBRARY = "libc++";
				CLANG_ENABLE_MODULES = YES;
				CLANG_ENABLE_OBJC_ARC = YES;
				CLANG_ENABLE_OBJC_WEAK = YES;
				CLANG_WARN_BLOCK_CAPTURE_AUTORELEASING = YES;
				CLANG_WARN_BOOL_CONVERSION = YES;
				CLANG_WARN_COMMA = YES;
				CLANG_WARN_CONSTANT_CONVERSION = YES;
				CLANG_WARN_DEPRECATED_OBJC_IMPLEMENTATIONS = YES;
				CLANG_WARN_DIRECT_OBJC_ISA_USAGE = YES_ERROR;
				CLANG_WARN_DOCUMENTATION_COMMENTS = YES;
				CLANG_WARN_EMPTY_BODY = YES;
				CLANG_WARN_ENUM_CONVERSION = YES;
				CLANG_WARN_INFINITE_RECURSION = YES;
				CLANG_WARN_INT_CONVERSION = YES;
				CLANG_WARN_NON_LITERAL_NULL_CONVERSION = YES;
				CLANG_WARN_OBJC_IMPLICIT_RETAIN_SELF = YES;
				CLANG_WARN_OBJC_LITERAL_CONVERSION = YES;
				CLANG_WARN_OBJC_ROOT_CLASS = YES_ERROR;
				CLANG_WARN_RANGE_LOOP_ANALYSIS = YES;
				CLANG_WARN_STRICT_PROTOTYPES = YES;
				CLANG_WARN_SUSPICIOUS_MOVE = YES;
				CLANG_WARN_UNGUARDED_AVAILABILITY = YES_AGGRESSIVE;
				CLANG_WARN_UNREACHABLE_CODE = YES;
				CLANG_WARN__DUPLICATE_METHOD_MATCH = YES;
				CODE_SIGN_IDENTITY = "iPhone Developer";
				COPY_PHASE_STRIP = NO;
				DEBUG_INFORMATION_FORMAT = "dwarf-with-dsym";
				ENABLE_NS_ASSERTIONS = NO;
				ENABLE_STRICT_OBJC_MSGSEND = YES;
				GCC_C_LANGUAGE_STANDARD = gnu11;
				GCC_NO_COMMON_BLOCKS = YES;
				GCC_WARN_64_TO_32_BIT_CONVERSION = YES;
				GCC_WARN_ABOUT_RETURN_TYPE = YES_ERROR;
				GCC_WARN_UNDECLARED_SELECTOR = YES;
				GCC_WARN_UNINITIALIZED_AUTOS = YES_AGGRESSIVE;
				GCC_WARN_UNUSED_FUNCTION = YES;
				GCC_WARN_UNUSED_VARIABLE = YES;
				IPHONEOS_DEPLOYMENT_TARGET = 12.2;
				MTL_ENABLE_DEBUG_INFO = NO;
				MTL_FAST_MATH = YES;
				SDKROOT = iphoneos;
				SWIFT_COMPILATION_MODE = wholemodule;
				SWIFT_OPTIMIZATION_LEVEL = "-O";
				VALIDATE_PRODUCT = YES;
			};
			name = Release;
		};
		5541C1CC2296F019008EFA93 /* Debug */ = {
			isa = XCBuildConfiguration;
			buildSettings = {
				ASSETCATALOG_COMPILER_APPICON_NAME = AppIcon;
				CODE_SIGN_STYLE = Automatic;
				DEVELOPMENT_TEAM = 4T3CJYS2MB;
				INFOPLIST_FILE = CustomRoundTransition/Info.plist;
				LD_RUNPATH_SEARCH_PATHS = (
					"$(inherited)",
					"@executable_path/Frameworks",
				);
				PRODUCT_BUNDLE_IDENTIFIER = com.sbassett1.CustomRoundTransition;
				PRODUCT_NAME = "$(TARGET_NAME)";
				SWIFT_VERSION = 5.0;
				TARGETED_DEVICE_FAMILY = "1,2";
			};
			name = Debug;
		};
		5541C1CD2296F019008EFA93 /* Release */ = {
			isa = XCBuildConfiguration;
			buildSettings = {
				ASSETCATALOG_COMPILER_APPICON_NAME = AppIcon;
				CODE_SIGN_STYLE = Automatic;
				DEVELOPMENT_TEAM = 4T3CJYS2MB;
				INFOPLIST_FILE = CustomRoundTransition/Info.plist;
				LD_RUNPATH_SEARCH_PATHS = (
					"$(inherited)",
					"@executable_path/Frameworks",
				);
				PRODUCT_BUNDLE_IDENTIFIER = com.sbassett1.CustomRoundTransition;
				PRODUCT_NAME = "$(TARGET_NAME)";
				SWIFT_VERSION = 5.0;
				TARGETED_DEVICE_FAMILY = "1,2";
			};
			name = Release;
		};
/* End XCBuildConfiguration section */

/* Begin XCConfigurationList section */
		5541C1B42296F018008EFA93 /* Build configuration list for PBXProject "CustomRoundTransition" */ = {
			isa = XCConfigurationList;
			buildConfigurations = (
				5541C1C92296F019008EFA93 /* Debug */,
				5541C1CA2296F019008EFA93 /* Release */,
			);
			defaultConfigurationIsVisible = 0;
			defaultConfigurationName = Release;
		};
		5541C1CB2296F019008EFA93 /* Build configuration list for PBXNativeTarget "CustomRoundTransition" */ = {
			isa = XCConfigurationList;
			buildConfigurations = (
				5541C1CC2296F019008EFA93 /* Debug */,
				5541C1CD2296F019008EFA93 /* Release */,
			);
			defaultConfigurationIsVisible = 0;
			defaultConfigurationName = Release;
		};
/* End XCConfigurationList section */
	};
	rootObject = 5541C1B12296F018008EFA93 /* Project object */;
}
